
Microsoft Visual Studio Solution File, Format Version 12.00
# Visual Studio 15
VisualStudioVersion = 15.0.28307.329
MinimumVisualStudioVersion = 10.0.40219.1
Project("{8BC9CEB8-8B4A-11D0-8D11-00A0C91BC942}") = "proj", "proj.vcxproj", "{7F30C66D-AE5E-4581-BEB7-6A861D1C5D50}"
EndProject
Global
	GlobalSection(SolutionConfigurationPlatforms) = preSolution
		Debug|x86 = Debug|x86
		Release|x86 = Release|x86
	EndGlobalSection
	GlobalSection(ProjectConfigurationPlatforms) = postSolution
		{7F30C66D-AE5E-4581-BEB7-6A861D1C5D50}.Debug|x86.ActiveCfg = Debug|Win32
		{7F30C66D-AE5E-4581-BEB7-6A861D1C5D50}.Debug|x86.Build.0 = Debug|Win32
		{7F30C66D-AE5E-4581-BEB7-6A861D1C5D50}.Release|x86.ActiveCfg = Release|Win32
		{7F30C66D-AE5E-4581-BEB7-6A861D1C5D50}.Release|x86.Build.0 = Release|Win32
	EndGlobalSection
	GlobalSection(SolutionProperties) = preSolution
		HideSolutionNode = FALSE
	EndGlobalSection
	GlobalSection(ExtensibilityGlobals) = postSolution
		SolutionGuid = {54FA0F4D-A1E7-461D-AD4B-146AEE405313}
	EndGlobalSection
EndGlobal
